// !$*UTF8*$!
{
	archiveVersion = 1;
	classes = {
	};
	objectVersion = 55;
	objects = {

/* Begin PBXBuildFile section */
		B7CC774E2776AF1400175866 /* AppDelegate.swift in Sources */ = {isa = PBXBuildFile; fileRef = B7CC774D2776AF1400175866 /* AppDelegate.swift */; };
		B7CC77502776AF1400175866 /* SceneDelegate.swift in Sources */ = {isa = PBXBuildFile; fileRef = B7CC774F2776AF1400175866 /* SceneDelegate.swift */; };
		B7CC77552776AF1400175866 /* Main.storyboard in Resources */ = {isa = PBXBuildFile; fileRef = B7CC77532776AF1400175866 /* Main.storyboard */; };
		B7CC77572776AF1600175866 /* Assets.xcassets in Resources */ = {isa = PBXBuildFile; fileRef = B7CC77562776AF1600175866 /* Assets.xcassets */; };
		B7CC775A2776AF1600175866 /* LaunchScreen.storyboard in Resources */ = {isa = PBXBuildFile; fileRef = B7CC77582776AF1600175866 /* LaunchScreen.storyboard */; };
		B7CC77652776AF1600175866 /* FirebaseLoginTests.swift in Sources */ = {isa = PBXBuildFile; fileRef = B7CC77642776AF1600175866 /* FirebaseLoginTests.swift */; };
		B7CC776F2776AF1600175866 /* FirebaseLoginUITests.swift in Sources */ = {isa = PBXBuildFile; fileRef = B7CC776E2776AF1600175866 /* FirebaseLoginUITests.swift */; };
		B7CC77712776AF1600175866 /* FirebaseLoginUITestsLaunchTests.swift in Sources */ = {isa = PBXBuildFile; fileRef = B7CC77702776AF1600175866 /* FirebaseLoginUITestsLaunchTests.swift */; };
		B7CC777E2776B2E600175866 /* LoginViewController.swift in Sources */ = {isa = PBXBuildFile; fileRef = B7CC777D2776B2E600175866 /* LoginViewController.swift */; };
		B7CC77802776B36B00175866 /* SignupViewController.swift in Sources */ = {isa = PBXBuildFile; fileRef = B7CC777F2776B36B00175866 /* SignupViewController.swift */; };
		B7CC77862776D58900175866 /* FirebaseAuth in Frameworks */ = {isa = PBXBuildFile; productRef = B7CC77852776D58900175866 /* FirebaseAuth */; };
		B7CC778C2776DFCF00175866 /* GoogleService-Info.plist in Resources */ = {isa = PBXBuildFile; fileRef = B7CC778B2776DFCF00175866 /* GoogleService-Info.plist */; };
		B7CC778D2776DFCF00175866 /* GoogleService-Info.plist in Resources */ = {isa = PBXBuildFile; fileRef = B7CC778B2776DFCF00175866 /* GoogleService-Info.plist */; };
		B7CC778E2776DFCF00175866 /* GoogleService-Info.plist in Resources */ = {isa = PBXBuildFile; fileRef = B7CC778B2776DFCF00175866 /* GoogleService-Info.plist */; };
/* End PBXBuildFile section */

/* Begin PBXContainerItemProxy section */
		B7CC77612776AF1600175866 /* PBXContainerItemProxy */ = {
			isa = PBXContainerItemProxy;
			containerPortal = B7CC77422776AF1400175866 /* Project object */;
			proxyType = 1;
			remoteGlobalIDString = B7CC77492776AF1400175866;
			remoteInfo = FirebaseLogin;
		};
		B7CC776B2776AF1600175866 /* PBXContainerItemProxy */ = {
			isa = PBXContainerItemProxy;
			containerPortal = B7CC77422776AF1400175866 /* Project object */;
			proxyType = 1;
			remoteGlobalIDString = B7CC77492776AF1400175866;
			remoteInfo = FirebaseLogin;
		};
/* End PBXContainerItemProxy section */

/* Begin PBXFileReference section */
		B7CC774A2776AF1400175866 /* FirebaseLogin.app */ = {isa = PBXFileReference; explicitFileType = wrapper.application; includeInIndex = 0; path = FirebaseLogin.app; sourceTree = BUILT_PRODUCTS_DIR; };
		B7CC774D2776AF1400175866 /* AppDelegate.swift */ = {isa = PBXFileReference; lastKnownFileType = sourcecode.swift; path = AppDelegate.swift; sourceTree = "<group>"; };
		B7CC774F2776AF1400175866 /* SceneDelegate.swift */ = {isa = PBXFileReference; lastKnownFileType = sourcecode.swift; path = SceneDelegate.swift; sourceTree = "<group>"; };
		B7CC77542776AF1400175866 /* Base */ = {isa = PBXFileReference; lastKnownFileType = file.storyboard; name = Base; path = Base.lproj/Main.storyboard; sourceTree = "<group>"; };
		B7CC77562776AF1600175866 /* Assets.xcassets */ = {isa = PBXFileReference; lastKnownFileType = folder.assetcatalog; path = Assets.xcassets; sourceTree = "<group>"; };
		B7CC77592776AF1600175866 /* Base */ = {isa = PBXFileReference; lastKnownFileType = file.storyboard; name = Base; path = Base.lproj/LaunchScreen.storyboard; sourceTree = "<group>"; };
		B7CC775B2776AF1600175866 /* Info.plist */ = {isa = PBXFileReference; lastKnownFileType = text.plist.xml; path = Info.plist; sourceTree = "<group>"; };
		B7CC77602776AF1600175866 /* FirebaseLoginTests.xctest */ = {isa = PBXFileReference; explicitFileType = wrapper.cfbundle; includeInIndex = 0; path = FirebaseLoginTests.xctest; sourceTree = BUILT_PRODUCTS_DIR; };
		B7CC77642776AF1600175866 /* FirebaseLoginTests.swift */ = {isa = PBXFileReference; lastKnownFileType = sourcecode.swift; path = FirebaseLoginTests.swift; sourceTree = "<group>"; };
		B7CC776A2776AF1600175866 /* FirebaseLoginUITests.xctest */ = {isa = PBXFileReference; explicitFileType = wrapper.cfbundle; includeInIndex = 0; path = FirebaseLoginUITests.xctest; sourceTree = BUILT_PRODUCTS_DIR; };
		B7CC776E2776AF1600175866 /* FirebaseLoginUITests.swift */ = {isa = PBXFileReference; lastKnownFileType = sourcecode.swift; path = FirebaseLoginUITests.swift; sourceTree = "<group>"; };
		B7CC77702776AF1600175866 /* FirebaseLoginUITestsLaunchTests.swift */ = {isa = PBXFileReference; lastKnownFileType = sourcecode.swift; path = FirebaseLoginUITestsLaunchTests.swift; sourceTree = "<group>"; };
		B7CC777D2776B2E600175866 /* LoginViewController.swift */ = {isa = PBXFileReference; lastKnownFileType = sourcecode.swift; path = LoginViewController.swift; sourceTree = "<group>"; };
		B7CC777F2776B36B00175866 /* SignupViewController.swift */ = {isa = PBXFileReference; lastKnownFileType = sourcecode.swift; path = SignupViewController.swift; sourceTree = "<group>"; };
		B7CC77812776D29A00175866 /* FirebaseLogin.xcodeproj */ = {isa = PBXFileReference; lastKnownFileType = "wrapper.pb-project"; path = FirebaseLogin.xcodeproj; sourceTree = SOURCE_ROOT; };
		B7CC778B2776DFCF00175866 /* GoogleService-Info.plist */ = {isa = PBXFileReference; fileEncoding = 4; lastKnownFileType = text.plist.xml; name = "GoogleService-Info.plist"; path = "../../Downloads/GoogleService-Info.plist"; sourceTree = "<group>"; };
/* End PBXFileReference section */

/* Begin PBXFrameworksBuildPhase section */
		B7CC77472776AF1400175866 /* Frameworks */ = {
			isa = PBXFrameworksBuildPhase;
			buildActionMask = 2147483647;
			files = (
				B7CC77862776D58900175866 /* FirebaseAuth in Frameworks */,
			);
			runOnlyForDeploymentPostprocessing = 0;
		};
		B7CC775D2776AF1600175866 /* Frameworks */ = {
			isa = PBXFrameworksBuildPhase;
			buildActionMask = 2147483647;
			files = (
			);
			runOnlyForDeploymentPostprocessing = 0;
		};
		B7CC77672776AF1600175866 /* Frameworks */ = {
			isa = PBXFrameworksBuildPhase;
			buildActionMask = 2147483647;
			files = (
			);
			runOnlyForDeploymentPostprocessing = 0;
		};
/* End PBXFrameworksBuildPhase section */

/* Begin PBXGroup section */
		B7CC77412776AF1400175866 = {
			isa = PBXGroup;
			children = (
				B7CC778B2776DFCF00175866 /* GoogleService-Info.plist */,
				B7CC774C2776AF1400175866 /* FirebaseLogin */,
				B7CC77632776AF1600175866 /* FirebaseLoginTests */,
				B7CC776D2776AF1600175866 /* FirebaseLoginUITests */,
				B7CC774B2776AF1400175866 /* Products */,
			);
			sourceTree = "<group>";
		};
		B7CC774B2776AF1400175866 /* Products */ = {
			isa = PBXGroup;
			children = (
				B7CC774A2776AF1400175866 /* FirebaseLogin.app */,
				B7CC77602776AF1600175866 /* FirebaseLoginTests.xctest */,
				B7CC776A2776AF1600175866 /* FirebaseLoginUITests.xctest */,
			);
			name = Products;
			sourceTree = "<group>";
		};
		B7CC774C2776AF1400175866 /* FirebaseLogin */ = {
			isa = PBXGroup;
			children = (
				B7CC77812776D29A00175866 /* FirebaseLogin.xcodeproj */,
				B7CC774D2776AF1400175866 /* AppDelegate.swift */,
				B7CC774F2776AF1400175866 /* SceneDelegate.swift */,
				B7CC77532776AF1400175866 /* Main.storyboard */,
				B7CC777D2776B2E600175866 /* LoginViewController.swift */,
				B7CC777F2776B36B00175866 /* SignupViewController.swift */,
				B7CC77562776AF1600175866 /* Assets.xcassets */,
				B7CC77582776AF1600175866 /* LaunchScreen.storyboard */,
				B7CC775B2776AF1600175866 /* Info.plist */,
			);
			path = FirebaseLogin;
			sourceTree = "<group>";
		};
		B7CC77632776AF1600175866 /* FirebaseLoginTests */ = {
			isa = PBXGroup;
			children = (
				B7CC77642776AF1600175866 /* FirebaseLoginTests.swift */,
			);
			path = FirebaseLoginTests;
			sourceTree = "<group>";
		};
		B7CC776D2776AF1600175866 /* FirebaseLoginUITests */ = {
			isa = PBXGroup;
			children = (
				B7CC776E2776AF1600175866 /* FirebaseLoginUITests.swift */,
				B7CC77702776AF1600175866 /* FirebaseLoginUITestsLaunchTests.swift */,
			);
			path = FirebaseLoginUITests;
			sourceTree = "<group>";
		};
		B7CC77822776D29A00175866 /* Products */ = {
			isa = PBXGroup;
			name = Products;
			sourceTree = "<group>";
		};
/* End PBXGroup section */

/* Begin PBXNativeTarget section */
		B7CC77492776AF1400175866 /* FirebaseLogin */ = {
			isa = PBXNativeTarget;
			buildConfigurationList = B7CC77742776AF1600175866 /* Build configuration list for PBXNativeTarget "FirebaseLogin" */;
			buildPhases = (
				B7CC77462776AF1400175866 /* Sources */,
				B7CC77472776AF1400175866 /* Frameworks */,
				B7CC77482776AF1400175866 /* Resources */,
			);
			buildRules = (
			);
			dependencies = (
			);
			name = FirebaseLogin;
			packageProductDependencies = (
				B7CC77852776D58900175866 /* FirebaseAuth */,
			);
			productName = FirebaseLogin;
			productReference = B7CC774A2776AF1400175866 /* FirebaseLogin.app */;
			productType = "com.apple.product-type.application";
		};
		B7CC775F2776AF1600175866 /* FirebaseLoginTests */ = {
			isa = PBXNativeTarget;
			buildConfigurationList = B7CC77772776AF1600175866 /* Build configuration list for PBXNativeTarget "FirebaseLoginTests" */;
			buildPhases = (
				B7CC775C2776AF1600175866 /* Sources */,
				B7CC775D2776AF1600175866 /* Frameworks */,
				B7CC775E2776AF1600175866 /* Resources */,
			);
			buildRules = (
			);
			dependencies = (
				B7CC77622776AF1600175866 /* PBXTargetDependency */,
			);
			name = FirebaseLoginTests;
			productName = FirebaseLoginTests;
			productReference = B7CC77602776AF1600175866 /* FirebaseLoginTests.xctest */;
			productType = "com.apple.product-type.bundle.unit-test";
		};
		B7CC77692776AF1600175866 /* FirebaseLoginUITests */ = {
			isa = PBXNativeTarget;
			buildConfigurationList = B7CC777A2776AF1600175866 /* Build configuration list for PBXNativeTarget "FirebaseLoginUITests" */;
			buildPhases = (
				B7CC77662776AF1600175866 /* Sources */,
				B7CC77672776AF1600175866 /* Frameworks */,
				B7CC77682776AF1600175866 /* Resources */,
			);
			buildRules = (
			);
			dependencies = (
				B7CC776C2776AF1600175866 /* PBXTargetDependency */,
			);
			name = FirebaseLoginUITests;
			productName = FirebaseLoginUITests;
			productReference = B7CC776A2776AF1600175866 /* FirebaseLoginUITests.xctest */;
			productType = "com.apple.product-type.bundle.ui-testing";
		};
/* End PBXNativeTarget section */

/* Begin PBXProject section */
		B7CC77422776AF1400175866 /* Project object */ = {
			isa = PBXProject;
			attributes = {
				BuildIndependentTargetsInParallel = 1;
				LastSwiftUpdateCheck = 1320;
				LastUpgradeCheck = 1320;
				TargetAttributes = {
					B7CC77492776AF1400175866 = {
						CreatedOnToolsVersion = 13.2.1;
					};
					B7CC775F2776AF1600175866 = {
						CreatedOnToolsVersion = 13.2.1;
						TestTargetID = B7CC77492776AF1400175866;
					};
					B7CC77692776AF1600175866 = {
						CreatedOnToolsVersion = 13.2.1;
						TestTargetID = B7CC77492776AF1400175866;
					};
				};
			};
			buildConfigurationList = B7CC77452776AF1400175866 /* Build configuration list for PBXProject "FirebaseLogin" */;
			compatibilityVersion = "Xcode 13.0";
			developmentRegion = en;
			hasScannedForEncodings = 0;
			knownRegions = (
				en,
				Base,
			);
			mainGroup = B7CC77412776AF1400175866;
			packageReferences = (
				B7CC77842776D58900175866 /* XCRemoteSwiftPackageReference "firebase-ios-sdk" */,
			);
			productRefGroup = B7CC774B2776AF1400175866 /* Products */;
			projectDirPath = "";
			projectReferences = (
				{
					ProductGroup = B7CC77822776D29A00175866 /* Products */;
					ProjectRef = B7CC77812776D29A00175866 /* FirebaseLogin.xcodeproj */;
				},
			);
			projectRoot = "";
			targets = (
				B7CC77492776AF1400175866 /* FirebaseLogin */,
				B7CC775F2776AF1600175866 /* FirebaseLoginTests */,
				B7CC77692776AF1600175866 /* FirebaseLoginUITests */,
			);
		};
/* End PBXProject section */

/* Begin PBXResourcesBuildPhase section */
		B7CC77482776AF1400175866 /* Resources */ = {
			isa = PBXResourcesBuildPhase;
			buildActionMask = 2147483647;
			files = (
				B7CC775A2776AF1600175866 /* LaunchScreen.storyboard in Resources */,
				B7CC778C2776DFCF00175866 /* GoogleService-Info.plist in Resources */,
				B7CC77572776AF1600175866 /* Assets.xcassets in Resources */,
				B7CC77552776AF1400175866 /* Main.storyboard in Resources */,
			);
			runOnlyForDeploymentPostprocessing = 0;
		};
		B7CC775E2776AF1600175866 /* Resources */ = {
			isa = PBXResourcesBuildPhase;
			buildActionMask = 2147483647;
			files = (
				B7CC778D2776DFCF00175866 /* GoogleService-Info.plist in Resources */,
			);
			runOnlyForDeploymentPostprocessing = 0;
		};
		B7CC77682776AF1600175866 /* Resources */ = {
			isa = PBXResourcesBuildPhase;
			buildActionMask = 2147483647;
			files = (
				B7CC778E2776DFCF00175866 /* GoogleService-Info.plist in Resources */,
			);
			runOnlyForDeploymentPostprocessing = 0;
		};
/* End PBXResourcesBuildPhase section */

/* Begin PBXSourcesBuildPhase section */
		B7CC77462776AF1400175866 /* Sources */ = {
			isa = PBXSourcesBuildPhase;
			buildActionMask = 2147483647;
			files = (
				B7CC777E2776B2E600175866 /* LoginViewController.swift in Sources */,
				B7CC774E2776AF1400175866 /* AppDelegate.swift in Sources */,
				B7CC77802776B36B00175866 /* SignupViewController.swift in Sources */,
				B7CC77502776AF1400175866 /* SceneDelegate.swift in Sources */,
			);
			runOnlyForDeploymentPostprocessing = 0;
		};
		B7CC775C2776AF1600175866 /* Sources */ = {
			isa = PBXSourcesBuildPhase;
			buildActionMask = 2147483647;
			files = (
				B7CC77652776AF1600175866 /* FirebaseLoginTests.swift in Sources */,
			);
			runOnlyForDeploymentPostprocessing = 0;
		};
		B7CC77662776AF1600175866 /* Sources */ = {
			isa = PBXSourcesBuildPhase;
			buildActionMask = 2147483647;
			files = (
				B7CC776F2776AF1600175866 /* FirebaseLoginUITests.swift in Sources */,
				B7CC77712776AF1600175866 /* FirebaseLoginUITestsLaunchTests.swift in Sources */,
			);
			runOnlyForDeploymentPostprocessing = 0;
		};
/* End PBXSourcesBuildPhase section */

/* Begin PBXTargetDependency section */
		B7CC77622776AF1600175866 /* PBXTargetDependency */ = {
			isa = PBXTargetDependency;
			target = B7CC77492776AF1400175866 /* FirebaseLogin */;
			targetProxy = B7CC77612776AF1600175866 /* PBXContainerItemProxy */;
		};
		B7CC776C2776AF1600175866 /* PBXTargetDependency */ = {
			isa = PBXTargetDependency;
			target = B7CC77492776AF1400175866 /* FirebaseLogin */;
			targetProxy = B7CC776B2776AF1600175866 /* PBXContainerItemProxy */;
		};
/* End PBXTargetDependency section */

/* Begin PBXVariantGroup section */
		B7CC77532776AF1400175866 /* Main.storyboard */ = {
			isa = PBXVariantGroup;
			children = (
				B7CC77542776AF1400175866 /* Base */,
			);
			name = Main.storyboard;
			sourceTree = "<group>";
		};
		B7CC77582776AF1600175866 /* LaunchScreen.storyboard */ = {
			isa = PBXVariantGroup;
			children = (
				B7CC77592776AF1600175866 /* Base */,
			);
			name = LaunchScreen.storyboard;
			sourceTree = "<group>";
		};
/* End PBXVariantGroup section */

/* Begin XCBuildConfiguration section */
		B7CC77722776AF1600175866 /* Debug */ = {
			isa = XCBuildConfiguration;
			buildSettings = {
				ALWAYS_SEARCH_USER_PATHS = NO;
				CLANG_ANALYZER_NONNULL = YES;
				CLANG_ANALYZER_NUMBER_OBJECT_CONVERSION = YES_AGGRESSIVE;
				CLANG_CXX_LANGUAGE_STANDARD = "gnu++17";
				CLANG_CXX_LIBRARY = "libc++";
				CLANG_ENABLE_MODULES = YES;
				CLANG_ENABLE_OBJC_ARC = YES;
				CLANG_ENABLE_OBJC_WEAK = YES;
				CLANG_WARN_BLOCK_CAPTURE_AUTORELEASING = YES;
				CLANG_WARN_BOOL_CONVERSION = YES;
				CLANG_WARN_COMMA = YES;
				CLANG_WARN_CONSTANT_CONVERSION = YES;
				CLANG_WARN_DEPRECATED_OBJC_IMPLEMENTATIONS = YES;
				CLANG_WARN_DIRECT_OBJC_ISA_USAGE = YES_ERROR;
				CLANG_WARN_DOCUMENTATION_COMMENTS = YES;
				CLANG_WARN_EMPTY_BODY = YES;
				CLANG_WARN_ENUM_CONVERSION = YES;
				CLANG_WARN_INFINITE_RECURSION = YES;
				CLANG_WARN_INT_CONVERSION = YES;
				CLANG_WARN_NON_LITERAL_NULL_CONVERSION = YES;
				CLANG_WARN_OBJC_IMPLICIT_RETAIN_SELF = YES;
				CLANG_WARN_OBJC_LITERAL_CONVERSION = YES;
				CLANG_WARN_OBJC_ROOT_CLASS = YES_ERROR;
				CLANG_WARN_QUOTED_INCLUDE_IN_FRAMEWORK_HEADER = YES;
				CLANG_WARN_RANGE_LOOP_ANALYSIS = YES;
				CLANG_WARN_STRICT_PROTOTYPES = YES;
				CLANG_WARN_SUSPICIOUS_MOVE = YES;
				CLANG_WARN_UNGUARDED_AVAILABILITY = YES_AGGRESSIVE;
				CLANG_WARN_UNREACHABLE_CODE = YES;
				CLANG_WARN__DUPLICATE_METHOD_MATCH = YES;
				COPY_PHASE_STRIP = NO;
				DEBUG_INFORMATION_FORMAT = dwarf;
				ENABLE_STRICT_OBJC_MSGSEND = YES;
				ENABLE_TESTABILITY = YES;
				GCC_C_LANGUAGE_STANDARD = gnu11;
				GCC_DYNAMIC_NO_PIC = NO;
				GCC_NO_COMMON_BLOCKS = YES;
				GCC_OPTIMIZATION_LEVEL = 0;
				GCC_PREPROCESSOR_DEFINITIONS = (
					"DEBUG=1",
					"$(inherited)",
				);
				GCC_WARN_64_TO_32_BIT_CONVERSION = YES;
				GCC_WARN_ABOUT_RETURN_TYPE = YES_ERROR;
				GCC_WARN_UNDECLARED_SELECTOR = YES;
				GCC_WARN_UNINITIALIZED_AUTOS = YES_AGGRESSIVE;
				GCC_WARN_UNUSED_FUNCTION = YES;
				GCC_WARN_UNUSED_VARIABLE = YES;
				IPHONEOS_DEPLOYMENT_TARGET = 15.2;
				MTL_ENABLE_DEBUG_INFO = INCLUDE_SOURCE;
				MTL_FAST_MATH = YES;
				ONLY_ACTIVE_ARCH = YES;
				SDKROOT = iphoneos;
				SWIFT_ACTIVE_COMPILATION_CONDITIONS = DEBUG;
				SWIFT_OPTIMIZATION_LEVEL = "-Onone";
			};
			name = Debug;
		};
		B7CC77732776AF1600175866 /* Release */ = {
			isa = XCBuildConfiguration;
			buildSettings = {
				ALWAYS_SEARCH_USER_PATHS = NO;
				CLANG_ANALYZER_NONNULL = YES;
				CLANG_ANALYZER_NUMBER_OBJECT_CONVERSION = YES_AGGRESSIVE;
				CLANG_CXX_LANGUAGE_STANDARD = "gnu++17";
				CLANG_CXX_LIBRARY = "libc++";
				CLANG_ENABLE_MODULES = YES;
				CLANG_ENABLE_OBJC_ARC = YES;
				CLANG_ENABLE_OBJC_WEAK = YES;
				CLANG_WARN_BLOCK_CAPTURE_AUTORELEASING = YES;
				CLANG_WARN_BOOL_CONVERSION = YES;
				CLANG_WARN_COMMA = YES;
				CLANG_WARN_CONSTANT_CONVERSION = YES;
				CLANG_WARN_DEPRECATED_OBJC_IMPLEMENTATIONS = YES;
				CLANG_WARN_DIRECT_OBJC_ISA_USAGE = YES_ERROR;
				CLANG_WARN_DOCUMENTATION_COMMENTS = YES;
				CLANG_WARN_EMPTY_BODY = YES;
				CLANG_WARN_ENUM_CONVERSION = YES;
				CLANG_WARN_INFINITE_RECURSION = YES;
				CLANG_WARN_INT_CONVERSION = YES;
				CLANG_WARN_NON_LITERAL_NULL_CONVERSION = YES;
				CLANG_WARN_OBJC_IMPLICIT_RETAIN_SELF = YES;
				CLANG_WARN_OBJC_LITERAL_CONVERSION = YES;
				CLANG_WARN_OBJC_ROOT_CLASS = YES_ERROR;
				CLANG_WARN_QUOTED_INCLUDE_IN_FRAMEWORK_HEADER = YES;
				CLANG_WARN_RANGE_LOOP_ANALYSIS = YES;
				CLANG_WARN_STRICT_PROTOTYPES = YES;
				CLANG_WARN_SUSPICIOUS_MOVE = YES;
				CLANG_WARN_UNGUARDED_AVAILABILITY = YES_AGGRESSIVE;
				CLANG_WARN_UNREACHABLE_CODE = YES;
				CLANG_WARN__DUPLICATE_METHOD_MATCH = YES;
				COPY_PHASE_STRIP = NO;
				DEBUG_INFORMATION_FORMAT = "dwarf-with-dsym";
				ENABLE_NS_ASSERTIONS = NO;
				ENABLE_STRICT_OBJC_MSGSEND = YES;
				GCC_C_LANGUAGE_STANDARD = gnu11;
				GCC_NO_COMMON_BLOCKS = YES;
				GCC_WARN_64_TO_32_BIT_CONVERSION = YES;
				GCC_WARN_ABOUT_RETURN_TYPE = YES_ERROR;
				GCC_WARN_UNDECLARED_SELECTOR = YES;
				GCC_WARN_UNINITIALIZED_AUTOS = YES_AGGRESSIVE;
				GCC_WARN_UNUSED_FUNCTION = YES;
				GCC_WARN_UNUSED_VARIABLE = YES;
				IPHONEOS_DEPLOYMENT_TARGET = 15.2;
				MTL_ENABLE_DEBUG_INFO = NO;
				MTL_FAST_MATH = YES;
				SDKROOT = iphoneos;
				SWIFT_COMPILATION_MODE = wholemodule;
				SWIFT_OPTIMIZATION_LEVEL = "-O";
				VALIDATE_PRODUCT = YES;
			};
			name = Release;
		};
		B7CC77752776AF1600175866 /* Debug */ = {
			isa = XCBuildConfiguration;
			buildSettings = {
				ASSETCATALOG_COMPILER_APPICON_NAME = AppIcon;
				ASSETCATALOG_COMPILER_GLOBAL_ACCENT_COLOR_NAME = AccentColor;
				CODE_SIGN_STYLE = Automatic;
				CURRENT_PROJECT_VERSION = 1;
				DEVELOPMENT_TEAM = ZM3J34B73B;
				GENERATE_INFOPLIST_FILE = YES;
				INFOPLIST_FILE = FirebaseLogin/Info.plist;
				INFOPLIST_KEY_UIApplicationSupportsIndirectInputEvents = YES;
				INFOPLIST_KEY_UILaunchStoryboardName = LaunchScreen;
				INFOPLIST_KEY_UIMainStoryboardFile = Main;
				INFOPLIST_KEY_UISupportedInterfaceOrientations_iPad = "UIInterfaceOrientationPortrait UIInterfaceOrientationPortraitUpsideDown UIInterfaceOrientationLandscapeLeft UIInterfaceOrientationLandscapeRight";
				INFOPLIST_KEY_UISupportedInterfaceOrientations_iPhone = "UIInterfaceOrientationPortrait UIInterfaceOrientationLandscapeLeft UIInterfaceOrientationLandscapeRight";
				LD_RUNPATH_SEARCH_PATHS = (
					"$(inherited)",
					"@executable_path/Frameworks",
				);
				MARKETING_VERSION = 1.0;
				PRODUCT_BUNDLE_IDENTIFIER = "Ethan-Buck.FirebaseLogin";
				PRODUCT_NAME = "$(TARGET_NAME)";
				SWIFT_EMIT_LOC_STRINGS = YES;
				SWIFT_VERSION = 5.0;
				TARGETED_DEVICE_FAMILY = "1,2";
			};
			name = Debug;
		};
		B7CC77762776AF1600175866 /* Release */ = {
			isa = XCBuildConfiguration;
			buildSettings = {
				ASSETCATALOG_COMPILER_APPICON_NAME = AppIcon;
				ASSETCATALOG_COMPILER_GLOBAL_ACCENT_COLOR_NAME = AccentColor;
				CODE_SIGN_STYLE = Automatic;
				CURRENT_PROJECT_VERSION = 1;
				DEVELOPMENT_TEAM = ZM3J34B73B;
				GENERATE_INFOPLIST_FILE = YES;
				INFOPLIST_FILE = FirebaseLogin/Info.plist;
				INFOPLIST_KEY_UIApplicationSupportsIndirectInputEvents = YES;
				INFOPLIST_KEY_UILaunchStoryboardName = LaunchScreen;
				INFOPLIST_KEY_UIMainStoryboardFile = Main;
				INFOPLIST_KEY_UISupportedInterfaceOrientations_iPad = "UIInterfaceOrientationPortrait UIInterfaceOrientationPortraitUpsideDown UIInterfaceOrientationLandscapeLeft UIInterfaceOrientationLandscapeRight";
				INFOPLIST_KEY_UISupportedInterfaceOrientations_iPhone = "UIInterfaceOrientationPortrait UIInterfaceOrientationLandscapeLeft UIInterfaceOrientationLandscapeRight";
				LD_RUNPATH_SEARCH_PATHS = (
					"$(inherited)",
					"@executable_path/Frameworks",
				);
				MARKETING_VERSION = 1.0;
				PRODUCT_BUNDLE_IDENTIFIER = "Ethan-Buck.FirebaseLogin";
				PRODUCT_NAME = "$(TARGET_NAME)";
				SWIFT_EMIT_LOC_STRINGS = YES;
				SWIFT_VERSION = 5.0;
				TARGETED_DEVICE_FAMILY = "1,2";
			};
			name = Release;
		};
		B7CC77782776AF1600175866 /* Debug */ = {
			isa = XCBuildConfiguration;
			buildSettings = {
				ALWAYS_EMBED_SWIFT_STANDARD_LIBRARIES = YES;
				BUNDLE_LOADER = "$(TEST_HOST)";
				CODE_SIGN_STYLE = Automatic;
				CURRENT_PROJECT_VERSION = 1;
				DEVELOPMENT_TEAM = ZM3J34B73B;
				GENERATE_INFOPLIST_FILE = YES;
				IPHONEOS_DEPLOYMENT_TARGET = 15.2;
				MARKETING_VERSION = 1.0;
				PRODUCT_BUNDLE_IDENTIFIER = "Ethan-Buck.FirebaseLoginTests";
				PRODUCT_NAME = "$(TARGET_NAME)";
				SWIFT_EMIT_LOC_STRINGS = NO;
				SWIFT_VERSION = 5.0;
				TARGETED_DEVICE_FAMILY = "1,2";
				TEST_HOST = "$(BUILT_PRODUCTS_DIR)/FirebaseLogin.app/FirebaseLogin";
			};
			name = Debug;
		};
		B7CC77792776AF1600175866 /* Release */ = {
			isa = XCBuildConfiguration;
			buildSettings = {
				ALWAYS_EMBED_SWIFT_STANDARD_LIBRARIES = YES;
				BUNDLE_LOADER = "$(TEST_HOST)";
				CODE_SIGN_STYLE = Automatic;
				CURRENT_PROJECT_VERSION = 1;
				DEVELOPMENT_TEAM = ZM3J34B73B;
				GENERATE_INFOPLIST_FILE = YES;
				IPHONEOS_DEPLOYMENT_TARGET = 15.2;
				MARKETING_VERSION = 1.0;
				PRODUCT_BUNDLE_IDENTIFIER = "Ethan-Buck.FirebaseLoginTests";
				PRODUCT_NAME = "$(TARGET_NAME)";
				SWIFT_EMIT_LOC_STRINGS = NO;
				SWIFT_VERSION = 5.0;
				TARGETED_DEVICE_FAMILY = "1,2";
				TEST_HOST = "$(BUILT_PRODUCTS_DIR)/FirebaseLogin.app/FirebaseLogin";
			};
			name = Release;
		};
		B7CC777B2776AF1600175866 /* Debug */ = {
			isa = XCBuildConfiguration;
			buildSettings = {
				ALWAYS_EMBED_SWIFT_STANDARD_LIBRARIES = YES;
				CODE_SIGN_STYLE = Automatic;
				CURRENT_PROJECT_VERSION = 1;
				DEVELOPMENT_TEAM = ZM3J34B73B;
				GENERATE_INFOPLIST_FILE = YES;
				MARKETING_VERSION = 1.0;
				PRODUCT_BUNDLE_IDENTIFIER = "Ethan-Buck.FirebaseLoginUITests";
				PRODUCT_NAME = "$(TARGET_NAME)";
				SWIFT_EMIT_LOC_STRINGS = NO;
				SWIFT_VERSION = 5.0;
				TARGETED_DEVICE_FAMILY = "1,2";
				TEST_TARGET_NAME = FirebaseLogin;
			};
			name = Debug;
		};
		B7CC777C2776AF1600175866 /* Release */ = {
			isa = XCBuildConfiguration;
			buildSettings = {
				ALWAYS_EMBED_SWIFT_STANDARD_LIBRARIES = YES;
				CODE_SIGN_STYLE = Automatic;
				CURRENT_PROJECT_VERSION = 1;
				DEVELOPMENT_TEAM = ZM3J34B73B;
				GENERATE_INFOPLIST_FILE = YES;
				MARKETING_VERSION = 1.0;
				PRODUCT_BUNDLE_IDENTIFIER = "Ethan-Buck.FirebaseLoginUITests";
				PRODUCT_NAME = "$(TARGET_NAME)";
				SWIFT_EMIT_LOC_STRINGS = NO;
				SWIFT_VERSION = 5.0;
				TARGETED_DEVICE_FAMILY = "1,2";
				TEST_TARGET_NAME = FirebaseLogin;
			};
			name = Release;
		};
/* End XCBuildConfiguration section */

/* Begin XCConfigurationList section */
		B7CC77452776AF1400175866 /* Build configuration list for PBXProject "FirebaseLogin" */ = {
			isa = XCConfigurationList;
			buildConfigurations = (
				B7CC77722776AF1600175866 /* Debug */,
				B7CC77732776AF1600175866 /* Release */,
			);
			defaultConfigurationIsVisible = 0;
			defaultConfigurationName = Release;
		};
		B7CC77742776AF1600175866 /* Build configuration list for PBXNativeTarget "FirebaseLogin" */ = {
			isa = XCConfigurationList;
			buildConfigurations = (
				B7CC77752776AF1600175866 /* Debug */,
				B7CC77762776AF1600175866 /* Release */,
			);
			defaultConfigurationIsVisible = 0;
			defaultConfigurationName = Release;
		};
		B7CC77772776AF1600175866 /* Build configuration list for PBXNativeTarget "FirebaseLoginTests" */ = {
			isa = XCConfigurationList;
			buildConfigurations = (
				B7CC77782776AF1600175866 /* Debug */,
				B7CC77792776AF1600175866 /* Release */,
			);
			defaultConfigurationIsVisible = 0;
			defaultConfigurationName = Release;
		};
		B7CC777A2776AF1600175866 /* Build configuration list for PBXNativeTarget "FirebaseLoginUITests" */ = {
			isa = XCConfigurationList;
			buildConfigurations = (
				B7CC777B2776AF1600175866 /* Debug */,
				B7CC777C2776AF1600175866 /* Release */,
			);
			defaultConfigurationIsVisible = 0;
			defaultConfigurationName = Release;
		};
/* End XCConfigurationList section */

/* Begin XCRemoteSwiftPackageReference section */
		B7CC77842776D58900175866 /* XCRemoteSwiftPackageReference "firebase-ios-sdk" */ = {
			isa = XCRemoteSwiftPackageReference;
			repositoryURL = "https://github.com/firebase/firebase-ios-sdk";
			requirement = {
				kind = upToNextMajorVersion;
				minimumVersion = 8.0.0;
			};
		};
/* End XCRemoteSwiftPackageReference section */

/* Begin XCSwiftPackageProductDependency section */
		B7CC77852776D58900175866 /* FirebaseAuth */ = {
			isa = XCSwiftPackageProductDependency;
			package = B7CC77842776D58900175866 /* XCRemoteSwiftPackageReference "firebase-ios-sdk" */;
			productName = FirebaseAuth;
		};
/* End XCSwiftPackageProductDependency section */
	};
	rootObject = B7CC77422776AF1400175866 /* Project object */;
}
